
Microsoft Visual Studio Solution File, Format Version 12.00
# Visual Studio Version 16
VisualStudioVersion = 16.0.31605.320
MinimumVisualStudioVersion = 10.0.40219.1
Project("{9A19103F-16F7-4668-BE54-9A1E7A4F7556}") = "Prints", "Prints\Prints.csproj", "{77098341-4B78-4A34-8CF6-4798713FC997}"
EndProject
Project("{9A19103F-16F7-4668-BE54-9A1E7A4F7556}") = "Where", "Where\Where.csproj", "{494CB378-F6B4-495D-AB3C-A1D7C473D658}"
EndProject
Project("{9A19103F-16F7-4668-BE54-9A1E7A4F7556}") = "Select", "Select\Select.csproj", "{B024BBFF-62C1-4835-A19D-CBDCCA810A1E}"
EndProject
Project("{9A19103F-16F7-4668-BE54-9A1E7A4F7556}") = "SumAverageCount", "SumAverageCount\SumAverageCount.csproj", "{34E8000F-C4A0-48CB-8712-6257F8664784}"
EndProject
Project("{9A19103F-16F7-4668-BE54-9A1E7A4F7556}") = "MaxMix", "MaxMix\MaxMix.csproj", "{57C59A6A-D16C-4DED-80C4-96455E959BA3}"
EndProject
Project("{9A19103F-16F7-4668-BE54-9A1E7A4F7556}") = "OrderBy", "OrderBy\OrderBy.csproj", "{D0C74A29-3823-441A-9ED8-44197B06D422}"
EndProject
Project("{9A19103F-16F7-4668-BE54-9A1E7A4F7556}") = "ThenBy", "ThenBy\ThenBy.csproj", "{1031BF56-413F-42A6-A682-B1EF630B489A}"
EndProject
Project("{9A19103F-16F7-4668-BE54-9A1E7A4F7556}") = "Reverse", "Reverse\Reverse.csproj", "{40E1B973-6D45-4111-8133-CFCDA7D007A9}"
EndProject
Project("{9A19103F-16F7-4668-BE54-9A1E7A4F7556}") = "SkipTake", "SkipTake\SkipTake.csproj", "{BB9DC3D3-8EEF-4494-9829-14543307261B}"
EndProject
Project("{9A19103F-16F7-4668-BE54-9A1E7A4F7556}") = "GroupBy", "GroupBy\GroupBy.csproj", "{6C0C476D-BBC9-4AEE-AA2C-C6003999E763}"
EndProject
Project("{9A19103F-16F7-4668-BE54-9A1E7A4F7556}") = "Aggregate", "Aggregate\Aggregate.csproj", "{B06B965D-A99E-4310-9844-DC9E9D2A7A3F}"
EndProject
Project("{9A19103F-16F7-4668-BE54-9A1E7A4F7556}") = "All", "All\All.csproj", "{A9DD9000-94FD-490D-B881-F0B93729AEC8}"
EndProject
Project("{9A19103F-16F7-4668-BE54-9A1E7A4F7556}") = "Any", "Any\Any.csproj", "{FE20597E-746E-4EB9-A894-3E2C3F854E1E}"
EndProject
Project("{9A19103F-16F7-4668-BE54-9A1E7A4F7556}") = "First", "First\First.csproj", "{0CF578AF-8F4E-4AF3-B787-3D0E378A1606}"
EndProject
Project("{9A19103F-16F7-4668-BE54-9A1E7A4F7556}") = "Last", "Last\Last.csproj", "{D4F6857F-A634-4D2A-9B92-319F2CE4BA0E}"
EndProject
Project("{FAE04EC0-301F-11D3-BF4B-00C04F79EFBC}") = "Union", "Union\Union.csproj", "{05F4F92A-4361-4BEC-BA1D-B05AC27737A8}"
EndProject
Project("{FAE04EC0-301F-11D3-BF4B-00C04F79EFBC}") = "Intersect", "Intersect\Intersect.csproj", "{6C20E807-1131-45F2-9957-B3F4085B6ED4}"
EndProject
Project("{FAE04EC0-301F-11D3-BF4B-00C04F79EFBC}") = "ExemploCodingame", "ExemploCodingame\ExemploCodingame.csproj", "{FEE01327-8B0C-4713-9EF5-F212DDC8CC98}"
EndProject
Project("{FAE04EC0-301F-11D3-BF4B-00C04F79EFBC}") = "ExemploQueryLinq", "ExemploQueryLinq\ExemploQueryLinq.csproj", "{77D87C4F-7CA3-4748-AA51-2825A4DDD1C8}"
EndProject
Global
	GlobalSection(SolutionConfigurationPlatforms) = preSolution
		Debug|Any CPU = Debug|Any CPU
		Release|Any CPU = Release|Any CPU
	EndGlobalSection
	GlobalSection(ProjectConfigurationPlatforms) = postSolution
		{77098341-4B78-4A34-8CF6-4798713FC997}.Debug|Any CPU.ActiveCfg = Debug|Any CPU
		{77098341-4B78-4A34-8CF6-4798713FC997}.Debug|Any CPU.Build.0 = Debug|Any CPU
		{77098341-4B78-4A34-8CF6-4798713FC997}.Release|Any CPU.ActiveCfg = Release|Any CPU
		{77098341-4B78-4A34-8CF6-4798713FC997}.Release|Any CPU.Build.0 = Release|Any CPU
		{494CB378-F6B4-495D-AB3C-A1D7C473D658}.Debug|Any CPU.ActiveCfg = Debug|Any CPU
		{494CB378-F6B4-495D-AB3C-A1D7C473D658}.Debug|Any CPU.Build.0 = Debug|Any CPU
		{494CB378-F6B4-495D-AB3C-A1D7C473D658}.Release|Any CPU.ActiveCfg = Release|Any CPU
		{494CB378-F6B4-495D-AB3C-A1D7C473D658}.Release|Any CPU.Build.0 = Release|Any CPU
		{B024BBFF-62C1-4835-A19D-CBDCCA810A1E}.Debug|Any CPU.ActiveCfg = Debug|Any CPU
		{B024BBFF-62C1-4835-A19D-CBDCCA810A1E}.Debug|Any CPU.Build.0 = Debug|Any CPU
		{B024BBFF-62C1-4835-A19D-CBDCCA810A1E}.Release|Any CPU.ActiveCfg = Release|Any CPU
		{B024BBFF-62C1-4835-A19D-CBDCCA810A1E}.Release|Any CPU.Build.0 = Release|Any CPU
		{34E8000F-C4A0-48CB-8712-6257F8664784}.Debug|Any CPU.ActiveCfg = Debug|Any CPU
		{34E8000F-C4A0-48CB-8712-6257F8664784}.Debug|Any CPU.Build.0 = Debug|Any CPU
		{34E8000F-C4A0-48CB-8712-6257F8664784}.Release|Any CPU.ActiveCfg = Release|Any CPU
		{34E8000F-C4A0-48CB-8712-6257F8664784}.Release|Any CPU.Build.0 = Release|Any CPU
		{57C59A6A-D16C-4DED-80C4-96455E959BA3}.Debug|Any CPU.ActiveCfg = Debug|Any CPU
		{57C59A6A-D16C-4DED-80C4-96455E959BA3}.Debug|Any CPU.Build.0 = Debug|Any CPU
		{57C59A6A-D16C-4DED-80C4-96455E959BA3}.Release|Any CPU.ActiveCfg = Release|Any CPU
		{57C59A6A-D16C-4DED-80C4-96455E959BA3}.Release|Any CPU.Build.0 = Release|Any CPU
		{D0C74A29-3823-441A-9ED8-44197B06D422}.Debug|Any CPU.ActiveCfg = Debug|Any CPU
		{D0C74A29-3823-441A-9ED8-44197B06D422}.Debug|Any CPU.Build.0 = Debug|Any CPU
		{D0C74A29-3823-441A-9ED8-44197B06D422}.Release|Any CPU.ActiveCfg = Release|Any CPU
		{D0C74A29-3823-441A-9ED8-44197B06D422}.Release|Any CPU.Build.0 = Release|Any CPU
		{1031BF56-413F-42A6-A682-B1EF630B489A}.Debug|Any CPU.ActiveCfg = Debug|Any CPU
		{1031BF56-413F-42A6-A682-B1EF630B489A}.Debug|Any CPU.Build.0 = Debug|Any CPU
		{1031BF56-413F-42A6-A682-B1EF630B489A}.Release|Any CPU.ActiveCfg = Release|Any CPU
		{1031BF56-413F-42A6-A682-B1EF630B489A}.Release|Any CPU.Build.0 = Release|Any CPU
		{40E1B973-6D45-4111-8133-CFCDA7D007A9}.Debug|Any CPU.ActiveCfg = Debug|Any CPU
		{40E1B973-6D45-4111-8133-CFCDA7D007A9}.Debug|Any CPU.Build.0 = Debug|Any CPU
		{40E1B973-6D45-4111-8133-CFCDA7D007A9}.Release|Any CPU.ActiveCfg = Release|Any CPU
		{40E1B973-6D45-4111-8133-CFCDA7D007A9}.Release|Any CPU.Build.0 = Release|Any CPU
		{BB9DC3D3-8EEF-4494-9829-14543307261B}.Debug|Any CPU.ActiveCfg = Debug|Any CPU
		{BB9DC3D3-8EEF-4494-9829-14543307261B}.Debug|Any CPU.Build.0 = Debug|Any CPU
		{BB9DC3D3-8EEF-4494-9829-14543307261B}.Release|Any CPU.ActiveCfg = Release|Any CPU
		{BB9DC3D3-8EEF-4494-9829-14543307261B}.Release|Any CPU.Build.0 = Release|Any CPU
		{6C0C476D-BBC9-4AEE-AA2C-C6003999E763}.Debug|Any CPU.ActiveCfg = Debug|Any CPU
		{6C0C476D-BBC9-4AEE-AA2C-C6003999E763}.Debug|Any CPU.Build.0 = Debug|Any CPU
		{6C0C476D-BBC9-4AEE-AA2C-C6003999E763}.Release|Any CPU.ActiveCfg = Release|Any CPU
		{6C0C476D-BBC9-4AEE-AA2C-C6003999E763}.Release|Any CPU.Build.0 = Release|Any CPU
		{B06B965D-A99E-4310-9844-DC9E9D2A7A3F}.Debug|Any CPU.ActiveCfg = Debug|Any CPU
		{B06B965D-A99E-4310-9844-DC9E9D2A7A3F}.Debug|Any CPU.Build.0 = Debug|Any CPU
		{B06B965D-A99E-4310-9844-DC9E9D2A7A3F}.Release|Any CPU.ActiveCfg = Release|Any CPU
		{B06B965D-A99E-4310-9844-DC9E9D2A7A3F}.Release|Any CPU.Build.0 = Release|Any CPU
		{A9DD9000-94FD-490D-B881-F0B93729AEC8}.Debug|Any CPU.ActiveCfg = Debug|Any CPU
		{A9DD9000-94FD-490D-B881-F0B93729AEC8}.Debug|Any CPU.Build.0 = Debug|Any CPU
		{A9DD9000-94FD-490D-B881-F0B93729AEC8}.Release|Any CPU.ActiveCfg = Release|Any CPU
		{A9DD9000-94FD-490D-B881-F0B93729AEC8}.Release|Any CPU.Build.0 = Release|Any CPU
		{FE20597E-746E-4EB9-A894-3E2C3F854E1E}.Debug|Any CPU.ActiveCfg = Debug|Any CPU
		{FE20597E-746E-4EB9-A894-3E2C3F854E1E}.Debug|Any CPU.Build.0 = Debug|Any CPU
		{FE20597E-746E-4EB9-A894-3E2C3F854E1E}.Release|Any CPU.ActiveCfg = Release|Any CPU
		{FE20597E-746E-4EB9-A894-3E2C3F854E1E}.Release|Any CPU.Build.0 = Release|Any CPU
		{0CF578AF-8F4E-4AF3-B787-3D0E378A1606}.Debug|Any CPU.ActiveCfg = Debug|Any CPU
		{0CF578AF-8F4E-4AF3-B787-3D0E378A1606}.Debug|Any CPU.Build.0 = Debug|Any CPU
		{0CF578AF-8F4E-4AF3-B787-3D0E378A1606}.Release|Any CPU.ActiveCfg = Release|Any CPU
		{0CF578AF-8F4E-4AF3-B787-3D0E378A1606}.Release|Any CPU.Build.0 = Release|Any CPU
		{D4F6857F-A634-4D2A-9B92-319F2CE4BA0E}.Debug|Any CPU.ActiveCfg = Debug|Any CPU
		{D4F6857F-A634-4D2A-9B92-319F2CE4BA0E}.Debug|Any CPU.Build.0 = Debug|Any CPU
		{D4F6857F-A634-4D2A-9B92-319F2CE4BA0E}.Release|Any CPU.ActiveCfg = Release|Any CPU
		{D4F6857F-A634-4D2A-9B92-319F2CE4BA0E}.Release|Any CPU.Build.0 = Release|Any CPU
		{05F4F92A-4361-4BEC-BA1D-B05AC27737A8}.Debug|Any CPU.ActiveCfg = Debug|Any CPU
		{05F4F92A-4361-4BEC-BA1D-B05AC27737A8}.Debug|Any CPU.Build.0 = Debug|Any CPU
		{05F4F92A-4361-4BEC-BA1D-B05AC27737A8}.Release|Any CPU.ActiveCfg = Release|Any CPU
		{05F4F92A-4361-4BEC-BA1D-B05AC27737A8}.Release|Any CPU.Build.0 = Release|Any CPU
		{6C20E807-1131-45F2-9957-B3F4085B6ED4}.Debug|Any CPU.ActiveCfg = Debug|Any CPU
		{6C20E807-1131-45F2-9957-B3F4085B6ED4}.Debug|Any CPU.Build.0 = Debug|Any CPU
		{6C20E807-1131-45F2-9957-B3F4085B6ED4}.Release|Any CPU.ActiveCfg = Release|Any CPU
		{6C20E807-1131-45F2-9957-B3F4085B6ED4}.Release|Any CPU.Build.0 = Release|Any CPU
		{FEE01327-8B0C-4713-9EF5-F212DDC8CC98}.Debug|Any CPU.ActiveCfg = Debug|Any CPU
		{FEE01327-8B0C-4713-9EF5-F212DDC8CC98}.Debug|Any CPU.Build.0 = Debug|Any CPU
		{FEE01327-8B0C-4713-9EF5-F212DDC8CC98}.Release|Any CPU.ActiveCfg = Release|Any CPU
		{FEE01327-8B0C-4713-9EF5-F212DDC8CC98}.Release|Any CPU.Build.0 = Release|Any CPU
		{77D87C4F-7CA3-4748-AA51-2825A4DDD1C8}.Debug|Any CPU.ActiveCfg = Debug|Any CPU
		{77D87C4F-7CA3-4748-AA51-2825A4DDD1C8}.Debug|Any CPU.Build.0 = Debug|Any CPU
		{77D87C4F-7CA3-4748-AA51-2825A4DDD1C8}.Release|Any CPU.ActiveCfg = Release|Any CPU
		{77D87C4F-7CA3-4748-AA51-2825A4DDD1C8}.Release|Any CPU.Build.0 = Release|Any CPU
	EndGlobalSection
	GlobalSection(SolutionProperties) = preSolution
		HideSolutionNode = FALSE
	EndGlobalSection
	GlobalSection(ExtensibilityGlobals) = postSolution
		SolutionGuid = {647E5F5F-3EFC-4FE8-AA97-67FE628172C5}
	EndGlobalSection
EndGlobal
